
Microsoft Visual Studio Solution File, Format Version 12.00
Project("{FAE04EC0-301F-11D3-BF4B-00C04F79EFBC}") = "LoanPlatform.Scoring.Api", "src\Services\Scoring\LoanPlatform.Scoring.Api\LoanPlatform.Scoring.Api.csproj", "{E8925129-8B27-446E-83D0-8AC04887449E}"
EndProject
Project("{FAE04EC0-301F-11D3-BF4B-00C04F79EFBC}") = "LoanPlatform.ApiGateway", "src\ApiGateway\LoanPlatform.ApiGateway\LoanPlatform.ApiGateway.csproj", "{3A5F9B93-FCAE-41E4-A46F-03A2D9CEC72D}"
EndProject
Project("{FAE04EC0-301F-11D3-BF4B-00C04F79EFBC}") = "LoanPlatform.Scoring.Application", "src\Services\Scoring\LoanPlatform.Scoring.Application\LoanPlatform.Scoring.Application.csproj", "{7E4F6B11-589F-4861-8C64-6C0B7A11F0C8}"
EndProject
Project("{FAE04EC0-301F-11D3-BF4B-00C04F79EFBC}") = "LoanPlatform.Scoring.Domain", "src\Services\Scoring\LoanPlatform.Scoring.Domain\LoanPlatform.Scoring.Domain.csproj", "{795976DF-F438-4086-8D4F-AAE36D005D75}"
EndProject
Project("{FAE04EC0-301F-11D3-BF4B-00C04F79EFBC}") = "LoanPlatform.Scoring.Infrastructure", "src\Services\Scoring\LoanPlatform.Scoring.Infrastructure\LoanPlatform.Scoring.Infrastructure.csproj", "{ABAE2FB7-77B9-4D4A-987F-8044835D3B34}"
EndProject
Project("{FAE04EC0-301F-11D3-BF4B-00C04F79EFBC}") = "LoanPlatform.LoanCore.Api", "src\Services\LoanCore\LoanPlatform.LoanCore.Api\LoanPlatform.LoanCore.Api.csproj", "{E3DDAC57-1F30-462A-8306-DE031EAA2E21}"
EndProject
Project("{FAE04EC0-301F-11D3-BF4B-00C04F79EFBC}") = "LoanPlatform.LoanCore.Application", "src\Services\LoanCore\LoanPlatform.LoanCore.Application\LoanPlatform.LoanCore.Application.csproj", "{A2777B0D-9EF5-419C-BDE8-1ACE57FB8E7A}"
EndProject
Project("{FAE04EC0-301F-11D3-BF4B-00C04F79EFBC}") = "LoanPlatform.LoanCore.Domain", "src\Services\LoanCore\LoanPlatform.LoanCore.Domain\LoanPlatform.LoanCore.Domain.csproj", "{9EADDF2D-843F-406C-906B-0178A66F322C}"
EndProject
Project("{FAE04EC0-301F-11D3-BF4B-00C04F79EFBC}") = "LoanPlatform.LoanCore.Infrastructure", "src\Services\LoanCore\LoanPlatform.LoanCore.Infrastructure\LoanPlatform.LoanCore.Infrastructure.csproj", "{F7478221-976D-40AD-B2B9-19AB96D11FC6}"
EndProject
Project("{FAE04EC0-301F-11D3-BF4B-00C04F79EFBC}") = "LoanPlatform.Notification.Api", "src\Services\Notification\LoanPlatform.Notification.Api\LoanPlatform.Notification.Api.csproj", "{3D6E00B3-CCC0-4B17-95D6-CEAAED09B49C}"
EndProject
Project("{FAE04EC0-301F-11D3-BF4B-00C04F79EFBC}") = "LoanPlatform.Notification.Application", "src\Services\Notification\LoanPlatform.Notification.Application\LoanPlatform.Notification.Application.csproj", "{CC01113D-87C7-481E-B378-270E96CB1415}"
EndProject
Project("{FAE04EC0-301F-11D3-BF4B-00C04F79EFBC}") = "LoanPlatform.Notification.Infrastructure", "src\Services\Notification\LoanPlatform.Notification.Infrastructure\LoanPlatform.Notification.Infrastructure.csproj", "{B148D035-CFD2-47E5-A4B3-99D992276B3B}"
EndProject
Project("{FAE04EC0-301F-11D3-BF4B-00C04F79EFBC}") = "LoanPlatform.Contracts", "src\BuildingBlocks\LoanPlatform.Contracts\LoanPlatform.Contracts.csproj", "{14E99D33-BC23-4E6A-B192-1E44E5D0F084}"
EndProject
Project("{FAE04EC0-301F-11D3-BF4B-00C04F79EFBC}") = "LoanPlatform.Scoring.Tests", "tests\LoanPlatform.Scoring.Tests\LoanPlatform.Scoring.Tests.csproj", "{4A09960B-FED2-4349-96B6-B86FFBE81E3B}"
EndProject
Project("{FAE04EC0-301F-11D3-BF4B-00C04F79EFBC}") = "LoanPlatform.LoanCore.Tests", "tests\LoanPlatform.LoanCore.Tests\LoanPlatform.LoanCore.Tests.csproj", "{0F8809EC-0BA5-41D9-A57B-6CE7A9041750}"
EndProject
Project("{FAE04EC0-301F-11D3-BF4B-00C04F79EFBC}") = "LoanPlatform.Notification.Tests", "tests\LoanPlatform.Notification.Tests\LoanPlatform.Notification.Tests.csproj", "{E48FE71F-A569-4930-9402-228A74B4CF1E}"
EndProject
Project("{2150E333-8FDC-42A3-9474-1A3956D46DE8}") = "src", "src", "{827E0CD3-B72D-47B6-A68D-7590B98EB39B}"
EndProject
Project("{2150E333-8FDC-42A3-9474-1A3956D46DE8}") = "Services", "Services", "{984BB9B3-3FA3-BE33-9484-CAC21695A33C}"
EndProject
Project("{2150E333-8FDC-42A3-9474-1A3956D46DE8}") = "FakeTaxAuthority", "FakeTaxAuthority", "{5098C360-8BFD-FDD2-5083-89014B214FCF}"
EndProject
Project("{FAE04EC0-301F-11D3-BF4B-00C04F79EFBC}") = "LoanPlatform.FakeTaxAuthority.Api", "src\Services\FakeTaxAuthority\LoanPlatform.FakeTaxAuthority.Api\LoanPlatform.FakeTaxAuthority.Api.csproj", "{98AD5372-878F-457A-809D-263501EEE368}"
EndProject
Global
	GlobalSection(SolutionConfigurationPlatforms) = preSolution
		Debug|Any CPU = Debug|Any CPU
		Debug|x64 = Debug|x64
		Debug|x86 = Debug|x86
		Release|Any CPU = Release|Any CPU
		Release|x64 = Release|x64
		Release|x86 = Release|x86
	EndGlobalSection
	GlobalSection(ProjectConfigurationPlatforms) = postSolution
		{E8925129-8B27-446E-83D0-8AC04887449E}.Debug|Any CPU.ActiveCfg = Debug|Any CPU
		{E8925129-8B27-446E-83D0-8AC04887449E}.Debug|Any CPU.Build.0 = Debug|Any CPU
		{E8925129-8B27-446E-83D0-8AC04887449E}.Debug|x64.ActiveCfg = Debug|Any CPU
		{E8925129-8B27-446E-83D0-8AC04887449E}.Debug|x64.Build.0 = Debug|Any CPU
		{E8925129-8B27-446E-83D0-8AC04887449E}.Debug|x86.ActiveCfg = Debug|Any CPU
		{E8925129-8B27-446E-83D0-8AC04887449E}.Debug|x86.Build.0 = Debug|Any CPU
		{E8925129-8B27-446E-83D0-8AC04887449E}.Release|Any CPU.ActiveCfg = Release|Any CPU
		{E8925129-8B27-446E-83D0-8AC04887449E}.Release|Any CPU.Build.0 = Release|Any CPU
		{E8925129-8B27-446E-83D0-8AC04887449E}.Release|x64.ActiveCfg = Release|Any CPU
		{E8925129-8B27-446E-83D0-8AC04887449E}.Release|x64.Build.0 = Release|Any CPU
		{E8925129-8B27-446E-83D0-8AC04887449E}.Release|x86.ActiveCfg = Release|Any CPU
		{E8925129-8B27-446E-83D0-8AC04887449E}.Release|x86.Build.0 = Release|Any CPU
		{3A5F9B93-FCAE-41E4-A46F-03A2D9CEC72D}.Debug|Any CPU.ActiveCfg = Debug|Any CPU
		{3A5F9B93-FCAE-41E4-A46F-03A2D9CEC72D}.Debug|Any CPU.Build.0 = Debug|Any CPU
		{3A5F9B93-FCAE-41E4-A46F-03A2D9CEC72D}.Debug|x64.ActiveCfg = Debug|Any CPU
		{3A5F9B93-FCAE-41E4-A46F-03A2D9CEC72D}.Debug|x64.Build.0 = Debug|Any CPU
		{3A5F9B93-FCAE-41E4-A46F-03A2D9CEC72D}.Debug|x86.ActiveCfg = Debug|Any CPU
		{3A5F9B93-FCAE-41E4-A46F-03A2D9CEC72D}.Debug|x86.Build.0 = Debug|Any CPU
		{3A5F9B93-FCAE-41E4-A46F-03A2D9CEC72D}.Release|Any CPU.ActiveCfg = Release|Any CPU
		{3A5F9B93-FCAE-41E4-A46F-03A2D9CEC72D}.Release|Any CPU.Build.0 = Release|Any CPU
		{3A5F9B93-FCAE-41E4-A46F-03A2D9CEC72D}.Release|x64.ActiveCfg = Release|Any CPU
		{3A5F9B93-FCAE-41E4-A46F-03A2D9CEC72D}.Release|x64.Build.0 = Release|Any CPU
		{3A5F9B93-FCAE-41E4-A46F-03A2D9CEC72D}.Release|x86.ActiveCfg = Release|Any CPU
		{3A5F9B93-FCAE-41E4-A46F-03A2D9CEC72D}.Release|x86.Build.0 = Release|Any CPU
		{7E4F6B11-589F-4861-8C64-6C0B7A11F0C8}.Debug|Any CPU.ActiveCfg = Debug|Any CPU
		{7E4F6B11-589F-4861-8C64-6C0B7A11F0C8}.Debug|Any CPU.Build.0 = Debug|Any CPU
		{7E4F6B11-589F-4861-8C64-6C0B7A11F0C8}.Debug|x64.ActiveCfg = Debug|Any CPU
		{7E4F6B11-589F-4861-8C64-6C0B7A11F0C8}.Debug|x64.Build.0 = Debug|Any CPU
		{7E4F6B11-589F-4861-8C64-6C0B7A11F0C8}.Debug|x86.ActiveCfg = Debug|Any CPU
		{7E4F6B11-589F-4861-8C64-6C0B7A11F0C8}.Debug|x86.Build.0 = Debug|Any CPU
		{7E4F6B11-589F-4861-8C64-6C0B7A11F0C8}.Release|Any CPU.ActiveCfg = Release|Any CPU
		{7E4F6B11-589F-4861-8C64-6C0B7A11F0C8}.Release|Any CPU.Build.0 = Release|Any CPU
		{7E4F6B11-589F-4861-8C64-6C0B7A11F0C8}.Release|x64.ActiveCfg = Release|Any CPU
		{7E4F6B11-589F-4861-8C64-6C0B7A11F0C8}.Release|x64.Build.0 = Release|Any CPU
		{7E4F6B11-589F-4861-8C64-6C0B7A11F0C8}.Release|x86.ActiveCfg = Release|Any CPU
		{7E4F6B11-589F-4861-8C64-6C0B7A11F0C8}.Release|x86.Build.0 = Release|Any CPU
		{795976DF-F438-4086-8D4F-AAE36D005D75}.Debug|Any CPU.ActiveCfg = Debug|Any CPU
		{795976DF-F438-4086-8D4F-AAE36D005D75}.Debug|Any CPU.Build.0 = Debug|Any CPU
		{795976DF-F438-4086-8D4F-AAE36D005D75}.Debug|x64.ActiveCfg = Debug|Any CPU
		{795976DF-F438-4086-8D4F-AAE36D005D75}.Debug|x64.Build.0 = Debug|Any CPU
		{795976DF-F438-4086-8D4F-AAE36D005D75}.Debug|x86.ActiveCfg = Debug|Any CPU
		{795976DF-F438-4086-8D4F-AAE36D005D75}.Debug|x86.Build.0 = Debug|Any CPU
		{795976DF-F438-4086-8D4F-AAE36D005D75}.Release|Any CPU.ActiveCfg = Release|Any CPU
		{795976DF-F438-4086-8D4F-AAE36D005D75}.Release|Any CPU.Build.0 = Release|Any CPU
		{795976DF-F438-4086-8D4F-AAE36D005D75}.Release|x64.ActiveCfg = Release|Any CPU
		{795976DF-F438-4086-8D4F-AAE36D005D75}.Release|x64.Build.0 = Release|Any CPU
		{795976DF-F438-4086-8D4F-AAE36D005D75}.Release|x86.ActiveCfg = Release|Any CPU
		{795976DF-F438-4086-8D4F-AAE36D005D75}.Release|x86.Build.0 = Release|Any CPU
		{ABAE2FB7-77B9-4D4A-987F-8044835D3B34}.Debug|Any CPU.ActiveCfg = Debug|Any CPU
		{ABAE2FB7-77B9-4D4A-987F-8044835D3B34}.Debug|Any CPU.Build.0 = Debug|Any CPU
		{ABAE2FB7-77B9-4D4A-987F-8044835D3B34}.Debug|x64.ActiveCfg = Debug|Any CPU
		{ABAE2FB7-77B9-4D4A-987F-8044835D3B34}.Debug|x64.Build.0 = Debug|Any CPU
		{ABAE2FB7-77B9-4D4A-987F-8044835D3B34}.Debug|x86.ActiveCfg = Debug|Any CPU
		{ABAE2FB7-77B9-4D4A-987F-8044835D3B34}.Debug|x86.Build.0 = Debug|Any CPU
		{ABAE2FB7-77B9-4D4A-987F-8044835D3B34}.Release|Any CPU.ActiveCfg = Release|Any CPU
		{ABAE2FB7-77B9-4D4A-987F-8044835D3B34}.Release|Any CPU.Build.0 = Release|Any CPU
		{ABAE2FB7-77B9-4D4A-987F-8044835D3B34}.Release|x64.ActiveCfg = Release|Any CPU
		{ABAE2FB7-77B9-4D4A-987F-8044835D3B34}.Release|x64.Build.0 = Release|Any CPU
		{ABAE2FB7-77B9-4D4A-987F-8044835D3B34}.Release|x86.ActiveCfg = Release|Any CPU
		{ABAE2FB7-77B9-4D4A-987F-8044835D3B34}.Release|x86.Build.0 = Release|Any CPU
		{E3DDAC57-1F30-462A-8306-DE031EAA2E21}.Debug|Any CPU.ActiveCfg = Debug|Any CPU
		{E3DDAC57-1F30-462A-8306-DE031EAA2E21}.Debug|Any CPU.Build.0 = Debug|Any CPU
		{E3DDAC57-1F30-462A-8306-DE031EAA2E21}.Debug|x64.ActiveCfg = Debug|Any CPU
		{E3DDAC57-1F30-462A-8306-DE031EAA2E21}.Debug|x64.Build.0 = Debug|Any CPU
		{E3DDAC57-1F30-462A-8306-DE031EAA2E21}.Debug|x86.ActiveCfg = Debug|Any CPU
		{E3DDAC57-1F30-462A-8306-DE031EAA2E21}.Debug|x86.Build.0 = Debug|Any CPU
		{E3DDAC57-1F30-462A-8306-DE031EAA2E21}.Release|Any CPU.ActiveCfg = Release|Any CPU
		{E3DDAC57-1F30-462A-8306-DE031EAA2E21}.Release|Any CPU.Build.0 = Release|Any CPU
		{E3DDAC57-1F30-462A-8306-DE031EAA2E21}.Release|x64.ActiveCfg = Release|Any CPU
		{E3DDAC57-1F30-462A-8306-DE031EAA2E21}.Release|x64.Build.0 = Release|Any CPU
		{E3DDAC57-1F30-462A-8306-DE031EAA2E21}.Release|x86.ActiveCfg = Release|Any CPU
		{E3DDAC57-1F30-462A-8306-DE031EAA2E21}.Release|x86.Build.0 = Release|Any CPU
		{A2777B0D-9EF5-419C-BDE8-1ACE57FB8E7A}.Debug|Any CPU.ActiveCfg = Debug|Any CPU
		{A2777B0D-9EF5-419C-BDE8-1ACE57FB8E7A}.Debug|Any CPU.Build.0 = Debug|Any CPU
		{A2777B0D-9EF5-419C-BDE8-1ACE57FB8E7A}.Debug|x64.ActiveCfg = Debug|Any CPU
		{A2777B0D-9EF5-419C-BDE8-1ACE57FB8E7A}.Debug|x64.Build.0 = Debug|Any CPU
		{A2777B0D-9EF5-419C-BDE8-1ACE57FB8E7A}.Debug|x86.ActiveCfg = Debug|Any CPU
		{A2777B0D-9EF5-419C-BDE8-1ACE57FB8E7A}.Debug|x86.Build.0 = Debug|Any CPU
		{A2777B0D-9EF5-419C-BDE8-1ACE57FB8E7A}.Release|Any CPU.ActiveCfg = Release|Any CPU
		{A2777B0D-9EF5-419C-BDE8-1ACE57FB8E7A}.Release|Any CPU.Build.0 = Release|Any CPU
		{A2777B0D-9EF5-419C-BDE8-1ACE57FB8E7A}.Release|x64.ActiveCfg = Release|Any CPU
		{A2777B0D-9EF5-419C-BDE8-1ACE57FB8E7A}.Release|x64.Build.0 = Release|Any CPU
		{A2777B0D-9EF5-419C-BDE8-1ACE57FB8E7A}.Release|x86.ActiveCfg = Release|Any CPU
		{A2777B0D-9EF5-419C-BDE8-1ACE57FB8E7A}.Release|x86.Build.0 = Release|Any CPU
		{9EADDF2D-843F-406C-906B-0178A66F322C}.Debug|Any CPU.ActiveCfg = Debug|Any CPU
		{9EADDF2D-843F-406C-906B-0178A66F322C}.Debug|Any CPU.Build.0 = Debug|Any CPU
		{9EADDF2D-843F-406C-906B-0178A66F322C}.Debug|x64.ActiveCfg = Debug|Any CPU
		{9EADDF2D-843F-406C-906B-0178A66F322C}.Debug|x64.Build.0 = Debug|Any CPU
		{9EADDF2D-843F-406C-906B-0178A66F322C}.Debug|x86.ActiveCfg = Debug|Any CPU
		{9EADDF2D-843F-406C-906B-0178A66F322C}.Debug|x86.Build.0 = Debug|Any CPU
		{9EADDF2D-843F-406C-906B-0178A66F322C}.Release|Any CPU.ActiveCfg = Release|Any CPU
		{9EADDF2D-843F-406C-906B-0178A66F322C}.Release|Any CPU.Build.0 = Release|Any CPU
		{9EADDF2D-843F-406C-906B-0178A66F322C}.Release|x64.ActiveCfg = Release|Any CPU
		{9EADDF2D-843F-406C-906B-0178A66F322C}.Release|x64.Build.0 = Release|Any CPU
		{9EADDF2D-843F-406C-906B-0178A66F322C}.Release|x86.ActiveCfg = Release|Any CPU
		{9EADDF2D-843F-406C-906B-0178A66F322C}.Release|x86.Build.0 = Release|Any CPU
		{F7478221-976D-40AD-B2B9-19AB96D11FC6}.Debug|Any CPU.ActiveCfg = Debug|Any CPU
		{F7478221-976D-40AD-B2B9-19AB96D11FC6}.Debug|Any CPU.Build.0 = Debug|Any CPU
		{F7478221-976D-40AD-B2B9-19AB96D11FC6}.Debug|x64.ActiveCfg = Debug|Any CPU
		{F7478221-976D-40AD-B2B9-19AB96D11FC6}.Debug|x64.Build.0 = Debug|Any CPU
		{F7478221-976D-40AD-B2B9-19AB96D11FC6}.Debug|x86.ActiveCfg = Debug|Any CPU
		{F7478221-976D-40AD-B2B9-19AB96D11FC6}.Debug|x86.Build.0 = Debug|Any CPU
		{F7478221-976D-40AD-B2B9-19AB96D11FC6}.Release|Any CPU.ActiveCfg = Release|Any CPU
		{F7478221-976D-40AD-B2B9-19AB96D11FC6}.Release|Any CPU.Build.0 = Release|Any CPU
		{F7478221-976D-40AD-B2B9-19AB96D11FC6}.Release|x64.ActiveCfg = Release|Any CPU
		{F7478221-976D-40AD-B2B9-19AB96D11FC6}.Release|x64.Build.0 = Release|Any CPU
		{F7478221-976D-40AD-B2B9-19AB96D11FC6}.Release|x86.ActiveCfg = Release|Any CPU
		{F7478221-976D-40AD-B2B9-19AB96D11FC6}.Release|x86.Build.0 = Release|Any CPU
		{3D6E00B3-CCC0-4B17-95D6-CEAAED09B49C}.Debug|Any CPU.ActiveCfg = Debug|Any CPU
		{3D6E00B3-CCC0-4B17-95D6-CEAAED09B49C}.Debug|Any CPU.Build.0 = Debug|Any CPU
		{3D6E00B3-CCC0-4B17-95D6-CEAAED09B49C}.Debug|x64.ActiveCfg = Debug|Any CPU
		{3D6E00B3-CCC0-4B17-95D6-CEAAED09B49C}.Debug|x64.Build.0 = Debug|Any CPU
		{3D6E00B3-CCC0-4B17-95D6-CEAAED09B49C}.Debug|x86.ActiveCfg = Debug|Any CPU
		{3D6E00B3-CCC0-4B17-95D6-CEAAED09B49C}.Debug|x86.Build.0 = Debug|Any CPU
		{3D6E00B3-CCC0-4B17-95D6-CEAAED09B49C}.Release|Any CPU.ActiveCfg = Release|Any CPU
		{3D6E00B3-CCC0-4B17-95D6-CEAAED09B49C}.Release|Any CPU.Build.0 = Release|Any CPU
		{3D6E00B3-CCC0-4B17-95D6-CEAAED09B49C}.Release|x64.ActiveCfg = Release|Any CPU
		{3D6E00B3-CCC0-4B17-95D6-CEAAED09B49C}.Release|x64.Build.0 = Release|Any CPU
		{3D6E00B3-CCC0-4B17-95D6-CEAAED09B49C}.Release|x86.ActiveCfg = Release|Any CPU
		{3D6E00B3-CCC0-4B17-95D6-CEAAED09B49C}.Release|x86.Build.0 = Release|Any CPU
		{CC01113D-87C7-481E-B378-270E96CB1415}.Debug|Any CPU.ActiveCfg = Debug|Any CPU
		{CC01113D-87C7-481E-B378-270E96CB1415}.Debug|Any CPU.Build.0 = Debug|Any CPU
		{CC01113D-87C7-481E-B378-270E96CB1415}.Debug|x64.ActiveCfg = Debug|Any CPU
		{CC01113D-87C7-481E-B378-270E96CB1415}.Debug|x64.Build.0 = Debug|Any CPU
		{CC01113D-87C7-481E-B378-270E96CB1415}.Debug|x86.ActiveCfg = Debug|Any CPU
		{CC01113D-87C7-481E-B378-270E96CB1415}.Debug|x86.Build.0 = Debug|Any CPU
		{CC01113D-87C7-481E-B378-270E96CB1415}.Release|Any CPU.ActiveCfg = Release|Any CPU
		{CC01113D-87C7-481E-B378-270E96CB1415}.Release|Any CPU.Build.0 = Release|Any CPU
		{CC01113D-87C7-481E-B378-270E96CB1415}.Release|x64.ActiveCfg = Release|Any CPU
		{CC01113D-87C7-481E-B378-270E96CB1415}.Release|x64.Build.0 = Release|Any CPU
		{CC01113D-87C7-481E-B378-270E96CB1415}.Release|x86.ActiveCfg = Release|Any CPU
		{CC01113D-87C7-481E-B378-270E96CB1415}.Release|x86.Build.0 = Release|Any CPU
		{B148D035-CFD2-47E5-A4B3-99D992276B3B}.Debug|Any CPU.ActiveCfg = Debug|Any CPU
		{B148D035-CFD2-47E5-A4B3-99D992276B3B}.Debug|Any CPU.Build.0 = Debug|Any CPU
		{B148D035-CFD2-47E5-A4B3-99D992276B3B}.Debug|x64.ActiveCfg = Debug|Any CPU
		{B148D035-CFD2-47E5-A4B3-99D992276B3B}.Debug|x64.Build.0 = Debug|Any CPU
		{B148D035-CFD2-47E5-A4B3-99D992276B3B}.Debug|x86.ActiveCfg = Debug|Any CPU
		{B148D035-CFD2-47E5-A4B3-99D992276B3B}.Debug|x86.Build.0 = Debug|Any CPU
		{B148D035-CFD2-47E5-A4B3-99D992276B3B}.Release|Any CPU.ActiveCfg = Release|Any CPU
		{B148D035-CFD2-47E5-A4B3-99D992276B3B}.Release|Any CPU.Build.0 = Release|Any CPU
		{B148D035-CFD2-47E5-A4B3-99D992276B3B}.Release|x64.ActiveCfg = Release|Any CPU
		{B148D035-CFD2-47E5-A4B3-99D992276B3B}.Release|x64.Build.0 = Release|Any CPU
		{B148D035-CFD2-47E5-A4B3-99D992276B3B}.Release|x86.ActiveCfg = Release|Any CPU
		{B148D035-CFD2-47E5-A4B3-99D992276B3B}.Release|x86.Build.0 = Release|Any CPU
		{14E99D33-BC23-4E6A-B192-1E44E5D0F084}.Debug|Any CPU.ActiveCfg = Debug|Any CPU
		{14E99D33-BC23-4E6A-B192-1E44E5D0F084}.Debug|Any CPU.Build.0 = Debug|Any CPU
		{14E99D33-BC23-4E6A-B192-1E44E5D0F084}.Debug|x64.ActiveCfg = Debug|Any CPU
		{14E99D33-BC23-4E6A-B192-1E44E5D0F084}.Debug|x64.Build.0 = Debug|Any CPU
		{14E99D33-BC23-4E6A-B192-1E44E5D0F084}.Debug|x86.ActiveCfg = Debug|Any CPU
		{14E99D33-BC23-4E6A-B192-1E44E5D0F084}.Debug|x86.Build.0 = Debug|Any CPU
		{14E99D33-BC23-4E6A-B192-1E44E5D0F084}.Release|Any CPU.ActiveCfg = Release|Any CPU
		{14E99D33-BC23-4E6A-B192-1E44E5D0F084}.Release|Any CPU.Build.0 = Release|Any CPU
		{14E99D33-BC23-4E6A-B192-1E44E5D0F084}.Release|x64.ActiveCfg = Release|Any CPU
		{14E99D33-BC23-4E6A-B192-1E44E5D0F084}.Release|x64.Build.0 = Release|Any CPU
		{14E99D33-BC23-4E6A-B192-1E44E5D0F084}.Release|x86.ActiveCfg = Release|Any CPU
		{14E99D33-BC23-4E6A-B192-1E44E5D0F084}.Release|x86.Build.0 = Release|Any CPU
		{4A09960B-FED2-4349-96B6-B86FFBE81E3B}.Debug|Any CPU.ActiveCfg = Debug|Any CPU
		{4A09960B-FED2-4349-96B6-B86FFBE81E3B}.Debug|Any CPU.Build.0 = Debug|Any CPU
		{4A09960B-FED2-4349-96B6-B86FFBE81E3B}.Debug|x64.ActiveCfg = Debug|Any CPU
		{4A09960B-FED2-4349-96B6-B86FFBE81E3B}.Debug|x64.Build.0 = Debug|Any CPU
		{4A09960B-FED2-4349-96B6-B86FFBE81E3B}.Debug|x86.ActiveCfg = Debug|Any CPU
		{4A09960B-FED2-4349-96B6-B86FFBE81E3B}.Debug|x86.Build.0 = Debug|Any CPU
		{4A09960B-FED2-4349-96B6-B86FFBE81E3B}.Release|Any CPU.ActiveCfg = Release|Any CPU
		{4A09960B-FED2-4349-96B6-B86FFBE81E3B}.Release|Any CPU.Build.0 = Release|Any CPU
		{4A09960B-FED2-4349-96B6-B86FFBE81E3B}.Release|x64.ActiveCfg = Release|Any CPU
		{4A09960B-FED2-4349-96B6-B86FFBE81E3B}.Release|x64.Build.0 = Release|Any CPU
		{4A09960B-FED2-4349-96B6-B86FFBE81E3B}.Release|x86.ActiveCfg = Release|Any CPU
		{4A09960B-FED2-4349-96B6-B86FFBE81E3B}.Release|x86.Build.0 = Release|Any CPU
		{0F8809EC-0BA5-41D9-A57B-6CE7A9041750}.Debug|Any CPU.ActiveCfg = Debug|Any CPU
		{0F8809EC-0BA5-41D9-A57B-6CE7A9041750}.Debug|Any CPU.Build.0 = Debug|Any CPU
		{0F8809EC-0BA5-41D9-A57B-6CE7A9041750}.Debug|x64.ActiveCfg = Debug|Any CPU
		{0F8809EC-0BA5-41D9-A57B-6CE7A9041750}.Debug|x64.Build.0 = Debug|Any CPU
		{0F8809EC-0BA5-41D9-A57B-6CE7A9041750}.Debug|x86.ActiveCfg = Debug|Any CPU
		{0F8809EC-0BA5-41D9-A57B-6CE7A9041750}.Debug|x86.Build.0 = Debug|Any CPU
		{0F8809EC-0BA5-41D9-A57B-6CE7A9041750}.Release|Any CPU.ActiveCfg = Release|Any CPU
		{0F8809EC-0BA5-41D9-A57B-6CE7A9041750}.Release|Any CPU.Build.0 = Release|Any CPU
		{0F8809EC-0BA5-41D9-A57B-6CE7A9041750}.Release|x64.ActiveCfg = Release|Any CPU
		{0F8809EC-0BA5-41D9-A57B-6CE7A9041750}.Release|x64.Build.0 = Release|Any CPU
		{0F8809EC-0BA5-41D9-A57B-6CE7A9041750}.Release|x86.ActiveCfg = Release|Any CPU
		{0F8809EC-0BA5-41D9-A57B-6CE7A9041750}.Release|x86.Build.0 = Release|Any CPU
		{E48FE71F-A569-4930-9402-228A74B4CF1E}.Debug|Any CPU.ActiveCfg = Debug|Any CPU
		{E48FE71F-A569-4930-9402-228A74B4CF1E}.Debug|Any CPU.Build.0 = Debug|Any CPU
		{E48FE71F-A569-4930-9402-228A74B4CF1E}.Debug|x64.ActiveCfg = Debug|Any CPU
		{E48FE71F-A569-4930-9402-228A74B4CF1E}.Debug|x64.Build.0 = Debug|Any CPU
		{E48FE71F-A569-4930-9402-228A74B4CF1E}.Debug|x86.ActiveCfg = Debug|Any CPU
		{E48FE71F-A569-4930-9402-228A74B4CF1E}.Debug|x86.Build.0 = Debug|Any CPU
		{E48FE71F-A569-4930-9402-228A74B4CF1E}.Release|Any CPU.ActiveCfg = Release|Any CPU
		{E48FE71F-A569-4930-9402-228A74B4CF1E}.Release|Any CPU.Build.0 = Release|Any CPU
		{E48FE71F-A569-4930-9402-228A74B4CF1E}.Release|x64.ActiveCfg = Release|Any CPU
		{E48FE71F-A569-4930-9402-228A74B4CF1E}.Release|x64.Build.0 = Release|Any CPU
		{E48FE71F-A569-4930-9402-228A74B4CF1E}.Release|x86.ActiveCfg = Release|Any CPU
		{E48FE71F-A569-4930-9402-228A74B4CF1E}.Release|x86.Build.0 = Release|Any CPU
		{98AD5372-878F-457A-809D-263501EEE368}.Debug|Any CPU.ActiveCfg = Debug|Any CPU
		{98AD5372-878F-457A-809D-263501EEE368}.Debug|Any CPU.Build.0 = Debug|Any CPU
		{98AD5372-878F-457A-809D-263501EEE368}.Debug|x64.ActiveCfg = Debug|Any CPU
		{98AD5372-878F-457A-809D-263501EEE368}.Debug|x64.Build.0 = Debug|Any CPU
		{98AD5372-878F-457A-809D-263501EEE368}.Debug|x86.ActiveCfg = Debug|Any CPU
		{98AD5372-878F-457A-809D-263501EEE368}.Debug|x86.Build.0 = Debug|Any CPU
		{98AD5372-878F-457A-809D-263501EEE368}.Release|Any CPU.ActiveCfg = Release|Any CPU
		{98AD5372-878F-457A-809D-263501EEE368}.Release|Any CPU.Build.0 = Release|Any CPU
		{98AD5372-878F-457A-809D-263501EEE368}.Release|x64.ActiveCfg = Release|Any CPU
		{98AD5372-878F-457A-809D-263501EEE368}.Release|x64.Build.0 = Release|Any CPU
		{98AD5372-878F-457A-809D-263501EEE368}.Release|x86.ActiveCfg = Release|Any CPU
		{98AD5372-878F-457A-809D-263501EEE368}.Release|x86.Build.0 = Release|Any CPU
	EndGlobalSection
	GlobalSection(SolutionProperties) = preSolution
		HideSolutionNode = FALSE
	EndGlobalSection
	GlobalSection(NestedProjects) = preSolution
		{984BB9B3-3FA3-BE33-9484-CAC21695A33C} = {827E0CD3-B72D-47B6-A68D-7590B98EB39B}
		{5098C360-8BFD-FDD2-5083-89014B214FCF} = {984BB9B3-3FA3-BE33-9484-CAC21695A33C}
	EndGlobalSection
EndGlobal
